%{
  "gleam_erlang": {:hex, :gleam_erlang, "1.3.0", "9fcd816c34bfe04fb011e481086575755d7dc699af729d621a039667f10cb9ff", [:gleam], [{:gleam_stdlib, ">= 0.53.0 and < 2.0.0", [hex: :gleam_stdlib, repo: "hexpm", optional: false]}], "hexpm", "1124ad3aa21143e5af0fc5cf3d9529f6db8ca03e43a55711b60b6b7b3874375c"},
  "gleam_http": {:hex, :gleam_http, "4.3.0", "ead739f30be45cb4113d544f65c14da5d7fb0dd79710ffcd4b30e4a9e59505e5", [:gleam], [{:gleam_stdlib, ">= 0.45.0 and < 2.0.0", [hex: :gleam_stdlib, repo: "hexpm", optional: false]}], "hexpm", "82ea6a717c842456188c190afb372665ea56ce13d8559bf3b1dd9e40f619ee0c"},
  "gleam_stdlib": {:hex, :gleam_stdlib, "1.0.5", "162d95e765f232233bf823df5b0dd37fe077cba32e9e45738332bc92af4a7a26", [:gleam], [], "hexpm", "cee5b6c076a85b45f60c585f4316c63ec8b7127c119d5738c3958a9c4d50404e"},
}
